// !$*UTF8*$!
{
	archiveVersion = 1;
	classes = {
	};
	objectVersion = 50;
	objects = {

/* Begin PBXBuildFile section */
		BA0AB3F422F08AD300CDC818 /* constants.h in Headers */ = {isa = PBXBuildFile; fileRef = BA0AB3F322F08AD300CDC818 /* constants.h */; };
		BA0AB3F522F08AD300CDC818 /* constants.h in Headers */ = {isa = PBXBuildFile; fileRef = BA0AB3F322F08AD300CDC818 /* constants.h */; };
		BA0AB3F622F08AD300CDC818 /* constants.h in Headers */ = {isa = PBXBuildFile; fileRef = BA0AB3F322F08AD300CDC818 /* constants.h */; };
		BA0AB3F722F08AD300CDC818 /* constants.h in Headers */ = {isa = PBXBuildFile; fileRef = BA0AB3F322F08AD300CDC818 /* constants.h */; };
		BA39195B22D7271500D8C20B /* main.cpp in Sources */ = {isa = PBXBuildFile; fileRef = BA39195A22D7271500D8C20B /* main.cpp */; };
		BA5D839322EEF6390009447F /* libutils.dylib in Frameworks */ = {isa = PBXBuildFile; fileRef = BAC8829E22E7A72600EEC4A9 /* libutils.dylib */; };
		BA5D839922EF013E0009447F /* liblinear.dylib in Frameworks */ = {isa = PBXBuildFile; fileRef = BAFF211122E799D10052E39E /* liblinear.dylib */; };
		BA5D839A22EF01450009447F /* liblinear.dylib in Frameworks */ = {isa = PBXBuildFile; fileRef = BAFF211122E799D10052E39E /* liblinear.dylib */; };
		BA5D83A222F051350009447F /* io.hpp in Headers */ = {isa = PBXBuildFile; fileRef = BA5D83A122F051350009447F /* io.hpp */; };
		BA5D83A622F051350009447F /* io.cpp in Sources */ = {isa = PBXBuildFile; fileRef = BA5D83A522F051350009447F /* io.cpp */; };
		BA5D83AA22F052120009447F /* libio.dylib in Frameworks */ = {isa = PBXBuildFile; fileRef = BA5D839F22F051350009447F /* libio.dylib */; };
		BA5D83AB22F0538C0009447F /* libio.dylib in Frameworks */ = {isa = PBXBuildFile; fileRef = BA5D839F22F051350009447F /* libio.dylib */; };
		BAC882A122E7A72600EEC4A9 /* utils.hpp in Headers */ = {isa = PBXBuildFile; fileRef = BAC882A022E7A72600EEC4A9 /* utils.hpp */; };
		BAC882A522E7A72600EEC4A9 /* utils.cpp in Sources */ = {isa = PBXBuildFile; fileRef = BAC882A422E7A72600EEC4A9 /* utils.cpp */; };
		BAC882A922E7A7A600EEC4A9 /* libutils.dylib in Frameworks */ = {isa = PBXBuildFile; fileRef = BAC8829E22E7A72600EEC4A9 /* libutils.dylib */; };
		BAC882AB22E7A9F700EEC4A9 /* libtriangulate.dylib in Frameworks */ = {isa = PBXBuildFile; fileRef = BAE2A7FE22E7A195001A8F41 /* libtriangulate.dylib */; };
		BAC882AC22E7AB0200EEC4A9 /* triangulate.cpp in Sources */ = {isa = PBXBuildFile; fileRef = BAFF212922E79D8F0052E39E /* triangulate.cpp */; };
		BAC882AD22E7AB0A00EEC4A9 /* triangulate.hpp in Headers */ = {isa = PBXBuildFile; fileRef = BAFF212522E79D8F0052E39E /* triangulate.hpp */; };
		BAC882AE22E7AB7200EEC4A9 /* libutils.dylib in Frameworks */ = {isa = PBXBuildFile; fileRef = BAC8829E22E7A72600EEC4A9 /* libutils.dylib */; };
		BAD585C622E798F6009DAFA5 /* vlinear.cpp in Sources */ = {isa = PBXBuildFile; fileRef = BAD585C522E798F6009DAFA5 /* vlinear.cpp */; };
		BAFF211422E799D20052E39E /* linear.hpp in Headers */ = {isa = PBXBuildFile; fileRef = BAFF211322E799D20052E39E /* linear.hpp */; };
		BAFF211822E799D20052E39E /* linear.cpp in Sources */ = {isa = PBXBuildFile; fileRef = BAFF211722E799D20052E39E /* linear.cpp */; };
		BAFF211D22E79C680052E39E /* liblinear.dylib in Frameworks */ = {isa = PBXBuildFile; fileRef = BAFF211122E799D10052E39E /* liblinear.dylib */; };
/* End PBXBuildFile section */

/* Begin PBXContainerItemProxy section */
		BA5D839522EEFB270009447F /* PBXContainerItemProxy */ = {
			isa = PBXContainerItemProxy;
			containerPortal = BA39194F22D7271500D8C20B /* Project object */;
			proxyType = 1;
			remoteGlobalIDString = BAFF211022E799D10052E39E;
			remoteInfo = linear;
		};
		BA5D839722EEFB2B0009447F /* PBXContainerItemProxy */ = {
			isa = PBXContainerItemProxy;
			containerPortal = BA39194F22D7271500D8C20B /* Project object */;
			proxyType = 1;
			remoteGlobalIDString = BAC8829D22E7A72600EEC4A9;
			remoteInfo = utils;
		};
/* End PBXContainerItemProxy section */

/* Begin PBXCopyFilesBuildPhase section */
		BA39195522D7271500D8C20B /* CopyFiles */ = {
			isa = PBXCopyFilesBuildPhase;
			buildActionMask = 2147483647;
			dstPath = /usr/share/man/man1/;
			dstSubfolderSpec = 0;
			files = (
			);
			runOnlyForDeploymentPostprocessing = 1;
		};
		BAD585C122E798F6009DAFA5 /* CopyFiles */ = {
			isa = PBXCopyFilesBuildPhase;
			buildActionMask = 2147483647;
			dstPath = /usr/share/man/man1/;
			dstSubfolderSpec = 0;
			files = (
			);
			runOnlyForDeploymentPostprocessing = 1;
		};
/* End PBXCopyFilesBuildPhase section */

/* Begin PBXFileReference section */
		BA0AB3F322F08AD300CDC818 /* constants.h */ = {isa = PBXFileReference; lastKnownFileType = sourcecode.c.h; path = constants.h; sourceTree = "<group>"; };
		BA0AB3FA22F09BC400CDC818 /* types.h */ = {isa = PBXFileReference; lastKnownFileType = sourcecode.c.h; path = types.h; sourceTree = "<group>"; };
		BA39195722D7271500D8C20B /* GBM */ = {isa = PBXFileReference; explicitFileType = "compiled.mach-o.executable"; includeInIndex = 0; path = GBM; sourceTree = BUILT_PRODUCTS_DIR; };
		BA39195A22D7271500D8C20B /* main.cpp */ = {isa = PBXFileReference; lastKnownFileType = sourcecode.cpp.cpp; path = main.cpp; sourceTree = "<group>"; };
		BA39196422D735D800D8C20B /* main.hpp */ = {isa = PBXFileReference; lastKnownFileType = sourcecode.cpp.h; path = main.hpp; sourceTree = "<group>"; };
		BA5D839422EEF91D0009447F /* vlinear.hpp */ = {isa = PBXFileReference; lastKnownFileType = sourcecode.cpp.h; path = vlinear.hpp; sourceTree = "<group>"; };
		BA5D839F22F051350009447F /* libio.dylib */ = {isa = PBXFileReference; explicitFileType = "compiled.mach-o.dylib"; includeInIndex = 0; path = libio.dylib; sourceTree = BUILT_PRODUCTS_DIR; };
		BA5D83A122F051350009447F /* io.hpp */ = {isa = PBXFileReference; lastKnownFileType = sourcecode.cpp.h; path = io.hpp; sourceTree = "<group>"; };
		BA5D83A522F051350009447F /* io.cpp */ = {isa = PBXFileReference; lastKnownFileType = sourcecode.cpp.cpp; path = io.cpp; sourceTree = "<group>"; };
		BAC8829E22E7A72600EEC4A9 /* libutils.dylib */ = {isa = PBXFileReference; explicitFileType = "compiled.mach-o.dylib"; includeInIndex = 0; path = libutils.dylib; sourceTree = BUILT_PRODUCTS_DIR; };
		BAC882A022E7A72600EEC4A9 /* utils.hpp */ = {isa = PBXFileReference; lastKnownFileType = sourcecode.cpp.h; path = utils.hpp; sourceTree = "<group>"; };
		BAC882A422E7A72600EEC4A9 /* utils.cpp */ = {isa = PBXFileReference; lastKnownFileType = sourcecode.cpp.cpp; path = utils.cpp; sourceTree = "<group>"; };
		BAD585C322E798F6009DAFA5 /* vlinear */ = {isa = PBXFileReference; explicitFileType = "compiled.mach-o.executable"; includeInIndex = 0; path = vlinear; sourceTree = BUILT_PRODUCTS_DIR; };
		BAD585C522E798F6009DAFA5 /* vlinear.cpp */ = {isa = PBXFileReference; lastKnownFileType = sourcecode.cpp.cpp; path = vlinear.cpp; sourceTree = "<group>"; };
		BAE2A7FE22E7A195001A8F41 /* libtriangulate.dylib */ = {isa = PBXFileReference; explicitFileType = "compiled.mach-o.dylib"; includeInIndex = 0; path = libtriangulate.dylib; sourceTree = BUILT_PRODUCTS_DIR; };
		BAFF211122E799D10052E39E /* liblinear.dylib */ = {isa = PBXFileReference; explicitFileType = "compiled.mach-o.dylib"; includeInIndex = 0; path = liblinear.dylib; sourceTree = BUILT_PRODUCTS_DIR; };
		BAFF211322E799D20052E39E /* linear.hpp */ = {isa = PBXFileReference; lastKnownFileType = sourcecode.cpp.h; path = linear.hpp; sourceTree = "<group>"; };
		BAFF211722E799D20052E39E /* linear.cpp */ = {isa = PBXFileReference; lastKnownFileType = sourcecode.cpp.cpp; path = linear.cpp; sourceTree = "<group>"; };
		BAFF212522E79D8F0052E39E /* triangulate.hpp */ = {isa = PBXFileReference; lastKnownFileType = sourcecode.cpp.h; path = triangulate.hpp; sourceTree = "<group>"; };
		BAFF212922E79D8F0052E39E /* triangulate.cpp */ = {isa = PBXFileReference; lastKnownFileType = sourcecode.cpp.cpp; path = triangulate.cpp; sourceTree = "<group>"; };
/* End PBXFileReference section */

/* Begin PBXFrameworksBuildPhase section */
		BA39195422D7271500D8C20B /* Frameworks */ = {
			isa = PBXFrameworksBuildPhase;
			buildActionMask = 2147483647;
			files = (
				BA5D83AA22F052120009447F /* libio.dylib in Frameworks */,
				BA5D839A22EF01450009447F /* liblinear.dylib in Frameworks */,
				BAC882AB22E7A9F700EEC4A9 /* libtriangulate.dylib in Frameworks */,
				BAC882A922E7A7A600EEC4A9 /* libutils.dylib in Frameworks */,
			);
			runOnlyForDeploymentPostprocessing = 0;
		};
		BA5D839D22F051350009447F /* Frameworks */ = {
			isa = PBXFrameworksBuildPhase;
			buildActionMask = 2147483647;
			files = (
			);
			runOnlyForDeploymentPostprocessing = 0;
		};
		BAC8829C22E7A72600EEC4A9 /* Frameworks */ = {
			isa = PBXFrameworksBuildPhase;
			buildActionMask = 2147483647;
			files = (
			);
			runOnlyForDeploymentPostprocessing = 0;
		};
		BAD585C022E798F6009DAFA5 /* Frameworks */ = {
			isa = PBXFrameworksBuildPhase;
			buildActionMask = 2147483647;
			files = (
				BA5D839322EEF6390009447F /* libutils.dylib in Frameworks */,
				BAFF211D22E79C680052E39E /* liblinear.dylib in Frameworks */,
			);
			runOnlyForDeploymentPostprocessing = 0;
		};
		BAE2A7FC22E7A195001A8F41 /* Frameworks */ = {
			isa = PBXFrameworksBuildPhase;
			buildActionMask = 2147483647;
			files = (
				BA5D83AB22F0538C0009447F /* libio.dylib in Frameworks */,
				BA5D839922EF013E0009447F /* liblinear.dylib in Frameworks */,
				BAC882AE22E7AB7200EEC4A9 /* libutils.dylib in Frameworks */,
			);
			runOnlyForDeploymentPostprocessing = 0;
		};
		BAFF210F22E799D10052E39E /* Frameworks */ = {
			isa = PBXFrameworksBuildPhase;
			buildActionMask = 2147483647;
			files = (
			);
			runOnlyForDeploymentPostprocessing = 0;
		};
/* End PBXFrameworksBuildPhase section */

/* Begin PBXGroup section */
		BA0AB3F222F08A8600CDC818 /* include */ = {
			isa = PBXGroup;
			children = (
				BA0AB3F322F08AD300CDC818 /* constants.h */,
				BA0AB3FA22F09BC400CDC818 /* types.h */,
			);
			path = include;
			sourceTree = "<group>";
		};
		BA39194E22D7271500D8C20B = {
			isa = PBXGroup;
			children = (
				BA0AB3F222F08A8600CDC818 /* include */,
				BA39195922D7271500D8C20B /* GBM */,
				BAD585C422E798F6009DAFA5 /* vlinear */,
				BAFF211222E799D20052E39E /* linear */,
				BAFF212422E79D8F0052E39E /* triangulate */,
				BAC8829F22E7A72600EEC4A9 /* utils */,
				BA5D83A022F051350009447F /* io */,
				BA39195822D7271500D8C20B /* Products */,
				BAFF211C22E79C680052E39E /* Frameworks */,
			);
			sourceTree = "<group>";
		};
		BA39195822D7271500D8C20B /* Products */ = {
			isa = PBXGroup;
			children = (
				BA39195722D7271500D8C20B /* GBM */,
				BAD585C322E798F6009DAFA5 /* vlinear */,
				BAFF211122E799D10052E39E /* liblinear.dylib */,
				BAE2A7FE22E7A195001A8F41 /* libtriangulate.dylib */,
				BAC8829E22E7A72600EEC4A9 /* libutils.dylib */,
				BA5D839F22F051350009447F /* libio.dylib */,
			);
			name = Products;
			sourceTree = "<group>";
		};
		BA39195922D7271500D8C20B /* GBM */ = {
			isa = PBXGroup;
			children = (
				BA39195A22D7271500D8C20B /* main.cpp */,
				BA39196422D735D800D8C20B /* main.hpp */,
			);
			path = GBM;
			sourceTree = "<group>";
		};
		BA5D83A022F051350009447F /* io */ = {
			isa = PBXGroup;
			children = (
				BA5D83A122F051350009447F /* io.hpp */,
				BA5D83A522F051350009447F /* io.cpp */,
			);
			path = io;
			sourceTree = "<group>";
		};
		BAC8829F22E7A72600EEC4A9 /* utils */ = {
			isa = PBXGroup;
			children = (
				BAC882A022E7A72600EEC4A9 /* utils.hpp */,
				BAC882A422E7A72600EEC4A9 /* utils.cpp */,
			);
			path = utils;
			sourceTree = "<group>";
		};
		BAD585C422E798F6009DAFA5 /* vlinear */ = {
			isa = PBXGroup;
			children = (
				BAD585C522E798F6009DAFA5 /* vlinear.cpp */,
				BA5D839422EEF91D0009447F /* vlinear.hpp */,
			);
			path = vlinear;
			sourceTree = "<group>";
		};
		BAFF211222E799D20052E39E /* linear */ = {
			isa = PBXGroup;
			children = (
				BAFF211322E799D20052E39E /* linear.hpp */,
				BAFF211722E799D20052E39E /* linear.cpp */,
			);
			path = linear;
			sourceTree = "<group>";
		};
		BAFF211C22E79C680052E39E /* Frameworks */ = {
			isa = PBXGroup;
			children = (
			);
			name = Frameworks;
			sourceTree = "<group>";
		};
		BAFF212422E79D8F0052E39E /* triangulate */ = {
			isa = PBXGroup;
			children = (
				BAFF212522E79D8F0052E39E /* triangulate.hpp */,
				BAFF212922E79D8F0052E39E /* triangulate.cpp */,
			);
			path = triangulate;
			sourceTree = "<group>";
		};
/* End PBXGroup section */

/* Begin PBXHeadersBuildPhase section */
		BA5D839B22F051350009447F /* Headers */ = {
			isa = PBXHeadersBuildPhase;
			buildActionMask = 2147483647;
			files = (
				BA0AB3F722F08AD300CDC818 /* constants.h in Headers */,
				BA5D83A222F051350009447F /* io.hpp in Headers */,
			);
			runOnlyForDeploymentPostprocessing = 0;
		};
		BAC8829A22E7A72600EEC4A9 /* Headers */ = {
			isa = PBXHeadersBuildPhase;
			buildActionMask = 2147483647;
			files = (
				BA0AB3F622F08AD300CDC818 /* constants.h in Headers */,
				BAC882A122E7A72600EEC4A9 /* utils.hpp in Headers */,
			);
			runOnlyForDeploymentPostprocessing = 0;
		};
		BAE2A7FA22E7A195001A8F41 /* Headers */ = {
			isa = PBXHeadersBuildPhase;
			buildActionMask = 2147483647;
			files = (
				BA0AB3F522F08AD300CDC818 /* constants.h in Headers */,
				BAC882AD22E7AB0A00EEC4A9 /* triangulate.hpp in Headers */,
			);
			runOnlyForDeploymentPostprocessing = 0;
		};
		BAFF210D22E799D10052E39E /* Headers */ = {
			isa = PBXHeadersBuildPhase;
			buildActionMask = 2147483647;
			files = (
				BA0AB3F422F08AD300CDC818 /* constants.h in Headers */,
				BAFF211422E799D20052E39E /* linear.hpp in Headers */,
			);
			runOnlyForDeploymentPostprocessing = 0;
		};
/* End PBXHeadersBuildPhase section */

/* Begin PBXNativeTarget section */
		BA39195622D7271500D8C20B /* GBM */ = {
			isa = PBXNativeTarget;
			buildConfigurationList = BA39195E22D7271500D8C20B /* Build configuration list for PBXNativeTarget "GBM" */;
			buildPhases = (
				BA39195322D7271500D8C20B /* Sources */,
				BA39195422D7271500D8C20B /* Frameworks */,
				BA39195522D7271500D8C20B /* CopyFiles */,
			);
			buildRules = (
			);
			dependencies = (
			);
			name = GBM;
			productName = GBM;
			productReference = BA39195722D7271500D8C20B /* GBM */;
			productType = "com.apple.product-type.tool";
		};
		BA5D839E22F051350009447F /* io */ = {
			isa = PBXNativeTarget;
			buildConfigurationList = BA5D83A922F051350009447F /* Build configuration list for PBXNativeTarget "io" */;
			buildPhases = (
				BA5D839B22F051350009447F /* Headers */,
				BA5D839C22F051350009447F /* Sources */,
				BA5D839D22F051350009447F /* Frameworks */,
			);
			buildRules = (
			);
			dependencies = (
			);
			name = io;
			productName = io;
			productReference = BA5D839F22F051350009447F /* libio.dylib */;
			productType = "com.apple.product-type.library.dynamic";
		};
		BAC8829D22E7A72600EEC4A9 /* utils */ = {
			isa = PBXNativeTarget;
			buildConfigurationList = BAC882A622E7A72600EEC4A9 /* Build configuration list for PBXNativeTarget "utils" */;
			buildPhases = (
				BAC8829A22E7A72600EEC4A9 /* Headers */,
				BAC8829B22E7A72600EEC4A9 /* Sources */,
				BAC8829C22E7A72600EEC4A9 /* Frameworks */,
			);
			buildRules = (
			);
			dependencies = (
			);
			name = utils;
			productName = utils;
			productReference = BAC8829E22E7A72600EEC4A9 /* libutils.dylib */;
			productType = "com.apple.product-type.library.dynamic";
		};
		BAD585C222E798F6009DAFA5 /* vlinear */ = {
			isa = PBXNativeTarget;
			buildConfigurationList = BAD585C922E798F6009DAFA5 /* Build configuration list for PBXNativeTarget "vlinear" */;
			buildPhases = (
				BAD585BF22E798F6009DAFA5 /* Sources */,
				BAD585C022E798F6009DAFA5 /* Frameworks */,
				BAD585C122E798F6009DAFA5 /* CopyFiles */,
			);
			buildRules = (
			);
			dependencies = (
				BA5D839822EEFB2B0009447F /* PBXTargetDependency */,
				BA5D839622EEFB270009447F /* PBXTargetDependency */,
			);
			name = vlinear;
			productName = vlinear;
			productReference = BAD585C322E798F6009DAFA5 /* vlinear */;
			productType = "com.apple.product-type.tool";
		};
		BAE2A7FD22E7A195001A8F41 /* triangulate */ = {
			isa = PBXNativeTarget;
			buildConfigurationList = BAE2A80122E7A195001A8F41 /* Build configuration list for PBXNativeTarget "triangulate" */;
			buildPhases = (
				BAE2A7FA22E7A195001A8F41 /* Headers */,
				BAE2A7FB22E7A195001A8F41 /* Sources */,
				BAE2A7FC22E7A195001A8F41 /* Frameworks */,
			);
			buildRules = (
			);
			dependencies = (
			);
			name = triangulate;
			productName = triangulate;
			productReference = BAE2A7FE22E7A195001A8F41 /* libtriangulate.dylib */;
			productType = "com.apple.product-type.library.dynamic";
		};
		BAFF211022E799D10052E39E /* linear */ = {
			isa = PBXNativeTarget;
			buildConfigurationList = BAFF211B22E799D20052E39E /* Build configuration list for PBXNativeTarget "linear" */;
			buildPhases = (
				BAFF210D22E799D10052E39E /* Headers */,
				BAFF210E22E799D10052E39E /* Sources */,
				BAFF210F22E799D10052E39E /* Frameworks */,
			);
			buildRules = (
			);
			dependencies = (
			);
			name = linear;
			productName = linear;
			productReference = BAFF211122E799D10052E39E /* liblinear.dylib */;
			productType = "com.apple.product-type.library.dynamic";
		};
/* End PBXNativeTarget section */

/* Begin PBXProject section */
		BA39194F22D7271500D8C20B /* Project object */ = {
			isa = PBXProject;
			attributes = {
				LastUpgradeCheck = 1020;
				ORGANIZATIONNAME = "Cedrick Ansorge";
				TargetAttributes = {
					BA39195622D7271500D8C20B = {
						CreatedOnToolsVersion = 10.2;
					};
					BA5D839E22F051350009447F = {
						CreatedOnToolsVersion = 10.2.1;
					};
					BAC8829D22E7A72600EEC4A9 = {
						CreatedOnToolsVersion = 10.2.1;
					};
					BAD585C222E798F6009DAFA5 = {
						CreatedOnToolsVersion = 10.2.1;
					};
					BAE2A7FD22E7A195001A8F41 = {
						CreatedOnToolsVersion = 10.2.1;
					};
					BAFF211022E799D10052E39E = {
						CreatedOnToolsVersion = 10.2.1;
					};
				};
			};
			buildConfigurationList = BA39195222D7271500D8C20B /* Build configuration list for PBXProject "GBM" */;
			compatibilityVersion = "Xcode 9.3";
			developmentRegion = en;
			hasScannedForEncodings = 0;
			knownRegions = (
				en,
			);
			mainGroup = BA39194E22D7271500D8C20B;
			productRefGroup = BA39195822D7271500D8C20B /* Products */;
			projectDirPath = "";
			projectRoot = "";
			targets = (
				BA39195622D7271500D8C20B /* GBM */,
				BAD585C222E798F6009DAFA5 /* vlinear */,
				BAFF211022E799D10052E39E /* linear */,
				BAE2A7FD22E7A195001A8F41 /* triangulate */,
				BAC8829D22E7A72600EEC4A9 /* utils */,
				BA5D839E22F051350009447F /* io */,
			);
		};
/* End PBXProject section */

/* Begin PBXSourcesBuildPhase section */
		BA39195322D7271500D8C20B /* Sources */ = {
			isa = PBXSourcesBuildPhase;
			buildActionMask = 2147483647;
			files = (
				BA39195B22D7271500D8C20B /* main.cpp in Sources */,
			);
			runOnlyForDeploymentPostprocessing = 0;
		};
		BA5D839C22F051350009447F /* Sources */ = {
			isa = PBXSourcesBuildPhase;
			buildActionMask = 2147483647;
			files = (
				BA5D83A622F051350009447F /* io.cpp in Sources */,
			);
			runOnlyForDeploymentPostprocessing = 0;
		};
		BAC8829B22E7A72600EEC4A9 /* Sources */ = {
			isa = PBXSourcesBuildPhase;
			buildActionMask = 2147483647;
			files = (
				BAC882A522E7A72600EEC4A9 /* utils.cpp in Sources */,
			);
			runOnlyForDeploymentPostprocessing = 0;
		};
		BAD585BF22E798F6009DAFA5 /* Sources */ = {
			isa = PBXSourcesBuildPhase;
			buildActionMask = 2147483647;
			files = (
				BAD585C622E798F6009DAFA5 /* vlinear.cpp in Sources */,
			);
			runOnlyForDeploymentPostprocessing = 0;
		};
		BAE2A7FB22E7A195001A8F41 /* Sources */ = {
			isa = PBXSourcesBuildPhase;
			buildActionMask = 2147483647;
			files = (
				BAC882AC22E7AB0200EEC4A9 /* triangulate.cpp in Sources */,
			);
			runOnlyForDeploymentPostprocessing = 0;
		};
		BAFF210E22E799D10052E39E /* Sources */ = {
			isa = PBXSourcesBuildPhase;
			buildActionMask = 2147483647;
			files = (
				BAFF211822E799D20052E39E /* linear.cpp in Sources */,
			);
			runOnlyForDeploymentPostprocessing = 0;
		};
/* End PBXSourcesBuildPhase section */

/* Begin PBXTargetDependency section */
		BA5D839622EEFB270009447F /* PBXTargetDependency */ = {
			isa = PBXTargetDependency;
			target = BAFF211022E799D10052E39E /* linear */;
			targetProxy = BA5D839522EEFB270009447F /* PBXContainerItemProxy */;
		};
		BA5D839822EEFB2B0009447F /* PBXTargetDependency */ = {
			isa = PBXTargetDependency;
			target = BAC8829D22E7A72600EEC4A9 /* utils */;
			targetProxy = BA5D839722EEFB2B0009447F /* PBXContainerItemProxy */;
		};
/* End PBXTargetDependency section */

/* Begin XCBuildConfiguration section */
		BA39195C22D7271500D8C20B /* Debug */ = {
			isa = XCBuildConfiguration;
			buildSettings = {
				ALWAYS_SEARCH_USER_PATHS = NO;
				CLANG_ANALYZER_NONNULL = YES;
				CLANG_ANALYZER_NUMBER_OBJECT_CONVERSION = YES_AGGRESSIVE;
				CLANG_CXX_LANGUAGE_STANDARD = "gnu++14";
				CLANG_CXX_LIBRARY = "libc++";
				CLANG_ENABLE_MODULES = YES;
				CLANG_ENABLE_OBJC_ARC = YES;
				CLANG_ENABLE_OBJC_WEAK = YES;
				CLANG_WARN_BLOCK_CAPTURE_AUTORELEASING = YES;
				CLANG_WARN_BOOL_CONVERSION = YES;
				CLANG_WARN_COMMA = YES;
				CLANG_WARN_CONSTANT_CONVERSION = YES;
				CLANG_WARN_DEPRECATED_OBJC_IMPLEMENTATIONS = YES;
				CLANG_WARN_DIRECT_OBJC_ISA_USAGE = YES_ERROR;
				CLANG_WARN_DOCUMENTATION_COMMENTS = YES;
				CLANG_WARN_EMPTY_BODY = YES;
				CLANG_WARN_ENUM_CONVERSION = YES;
				CLANG_WARN_INFINITE_RECURSION = YES;
				CLANG_WARN_INT_CONVERSION = YES;
				CLANG_WARN_NON_LITERAL_NULL_CONVERSION = YES;
				CLANG_WARN_OBJC_IMPLICIT_RETAIN_SELF = YES;
				CLANG_WARN_OBJC_LITERAL_CONVERSION = YES;
				CLANG_WARN_OBJC_ROOT_CLASS = YES_ERROR;
				CLANG_WARN_RANGE_LOOP_ANALYSIS = YES;
				CLANG_WARN_STRICT_PROTOTYPES = YES;
				CLANG_WARN_SUSPICIOUS_MOVE = YES;
				CLANG_WARN_UNGUARDED_AVAILABILITY = YES_AGGRESSIVE;
				CLANG_WARN_UNREACHABLE_CODE = YES;
				CLANG_WARN__DUPLICATE_METHOD_MATCH = YES;
				CODE_SIGN_IDENTITY = "-";
				COPY_PHASE_STRIP = NO;
				DEBUG_INFORMATION_FORMAT = dwarf;
				ENABLE_NS_ASSERTIONS = YES;
				ENABLE_STRICT_OBJC_MSGSEND = YES;
				ENABLE_TESTABILITY = YES;
				GCC_C_LANGUAGE_STANDARD = gnu11;
				GCC_DYNAMIC_NO_PIC = NO;
				GCC_NO_COMMON_BLOCKS = YES;
				GCC_OPTIMIZATION_LEVEL = 0;
				GCC_PREPROCESSOR_DEFINITIONS = (
					"DEBUG=1",
					"$(inherited)",
				);
				GCC_WARN_64_TO_32_BIT_CONVERSION = YES;
				GCC_WARN_ABOUT_RETURN_TYPE = YES_ERROR;
				GCC_WARN_UNDECLARED_SELECTOR = YES;
				GCC_WARN_UNINITIALIZED_AUTOS = YES_AGGRESSIVE;
				GCC_WARN_UNUSED_FUNCTION = YES;
				GCC_WARN_UNUSED_VARIABLE = YES;
				MACOSX_DEPLOYMENT_TARGET = 10.14;
				MTL_ENABLE_DEBUG_INFO = INCLUDE_SOURCE;
				MTL_FAST_MATH = YES;
				ONLY_ACTIVE_ARCH = YES;
				SDKROOT = macosx;
			};
			name = Debug;
		};
		BA39195D22D7271500D8C20B /* Release */ = {
			isa = XCBuildConfiguration;
			buildSettings = {
				ALWAYS_SEARCH_USER_PATHS = NO;
				CLANG_ANALYZER_NONNULL = YES;
				CLANG_ANALYZER_NUMBER_OBJECT_CONVERSION = YES_AGGRESSIVE;
				CLANG_CXX_LANGUAGE_STANDARD = "gnu++14";
				CLANG_CXX_LIBRARY = "libc++";
				CLANG_ENABLE_MODULES = YES;
				CLANG_ENABLE_OBJC_ARC = YES;
				CLANG_ENABLE_OBJC_WEAK = YES;
				CLANG_WARN_BLOCK_CAPTURE_AUTORELEASING = YES;
				CLANG_WARN_BOOL_CONVERSION = YES;
				CLANG_WARN_COMMA = YES;
				CLANG_WARN_CONSTANT_CONVERSION = YES;
				CLANG_WARN_DEPRECATED_OBJC_IMPLEMENTATIONS = YES;
				CLANG_WARN_DIRECT_OBJC_ISA_USAGE = YES_ERROR;
				CLANG_WARN_DOCUMENTATION_COMMENTS = YES;
				CLANG_WARN_EMPTY_BODY = YES;
				CLANG_WARN_ENUM_CONVERSION = YES;
				CLANG_WARN_INFINITE_RECURSION = YES;
				CLANG_WARN_INT_CONVERSION = YES;
				CLANG_WARN_NON_LITERAL_NULL_CONVERSION = YES;
				CLANG_WARN_OBJC_IMPLICIT_RETAIN_SELF = YES;
				CLANG_WARN_OBJC_LITERAL_CONVERSION = YES;
				CLANG_WARN_OBJC_ROOT_CLASS = YES_ERROR;
				CLANG_WARN_RANGE_LOOP_ANALYSIS = YES;
				CLANG_WARN_STRICT_PROTOTYPES = YES;
				CLANG_WARN_SUSPICIOUS_MOVE = YES;
				CLANG_WARN_UNGUARDED_AVAILABILITY = YES_AGGRESSIVE;
				CLANG_WARN_UNREACHABLE_CODE = YES;
				CLANG_WARN__DUPLICATE_METHOD_MATCH = YES;
				CODE_SIGN_IDENTITY = "-";
				COPY_PHASE_STRIP = NO;
				DEBUG_INFORMATION_FORMAT = "dwarf-with-dsym";
				ENABLE_NS_ASSERTIONS = YES;
				ENABLE_STRICT_OBJC_MSGSEND = YES;
				GCC_C_LANGUAGE_STANDARD = gnu11;
				GCC_NO_COMMON_BLOCKS = YES;
				GCC_WARN_64_TO_32_BIT_CONVERSION = YES;
				GCC_WARN_ABOUT_RETURN_TYPE = YES_ERROR;
				GCC_WARN_UNDECLARED_SELECTOR = YES;
				GCC_WARN_UNINITIALIZED_AUTOS = YES_AGGRESSIVE;
				GCC_WARN_UNUSED_FUNCTION = YES;
				GCC_WARN_UNUSED_VARIABLE = YES;
				MACOSX_DEPLOYMENT_TARGET = 10.14;
				MTL_ENABLE_DEBUG_INFO = NO;
				MTL_FAST_MATH = YES;
				SDKROOT = macosx;
			};
			name = Release;
		};
		BA39195F22D7271500D8C20B /* Debug */ = {
			isa = XCBuildConfiguration;
			buildSettings = {
				CLANG_OPTIMIZATION_PROFILE_FILE = "";
				CLANG_USE_OPTIMIZATION_PROFILE = YES;
				CODE_SIGN_STYLE = Automatic;
				DEVELOPMENT_TEAM = "";
				PRODUCT_NAME = "$(TARGET_NAME)";
			};
			name = Debug;
		};
		BA39196022D7271500D8C20B /* Release */ = {
			isa = XCBuildConfiguration;
			buildSettings = {
				CLANG_OPTIMIZATION_PROFILE_FILE = "";
				CLANG_USE_OPTIMIZATION_PROFILE = YES;
				CODE_SIGN_STYLE = Automatic;
				DEVELOPMENT_TEAM = "";
				PRODUCT_NAME = "$(TARGET_NAME)";
			};
			name = Release;
		};
		BA5D83A722F051350009447F /* Debug */ = {
			isa = XCBuildConfiguration;
			buildSettings = {
				CODE_SIGN_IDENTITY = "Mac Developer";
				CODE_SIGN_STYLE = Automatic;
				DEVELOPMENT_TEAM = L2MA98K85G;
				DYLIB_COMPATIBILITY_VERSION = 1;
				DYLIB_CURRENT_VERSION = 1;
				EXECUTABLE_PREFIX = lib;
				GCC_ENABLE_CPP_EXCEPTIONS = YES;
				GCC_ENABLE_CPP_RTTI = YES;
				GCC_SYMBOLS_PRIVATE_EXTERN = YES;
				PRODUCT_NAME = "$(TARGET_NAME)";
				SKIP_INSTALL = YES;
			};
			name = Debug;
		};
		BA5D83A822F051350009447F /* Release */ = {
			isa = XCBuildConfiguration;
			buildSettings = {
				CODE_SIGN_IDENTITY = "Mac Developer";
				CODE_SIGN_STYLE = Automatic;
				DEVELOPMENT_TEAM = L2MA98K85G;
				DYLIB_COMPATIBILITY_VERSION = 1;
				DYLIB_CURRENT_VERSION = 1;
				ENABLE_NS_ASSERTIONS = NO;
				EXECUTABLE_PREFIX = lib;
				GCC_ENABLE_CPP_EXCEPTIONS = YES;
				GCC_ENABLE_CPP_RTTI = YES;
				GCC_SYMBOLS_PRIVATE_EXTERN = YES;
				PRODUCT_NAME = "$(TARGET_NAME)";
				SKIP_INSTALL = YES;
			};
			name = Release;
		};
		BAC882A722E7A72600EEC4A9 /* Debug */ = {
			isa = XCBuildConfiguration;
			buildSettings = {
				CODE_SIGN_IDENTITY = "Mac Developer";
				CODE_SIGN_STYLE = Automatic;
				DEVELOPMENT_TEAM = L2MA98K85G;
				DYLIB_COMPATIBILITY_VERSION = 1;
				DYLIB_CURRENT_VERSION = 1;
				EXECUTABLE_PREFIX = lib;
				GCC_ENABLE_CPP_EXCEPTIONS = YES;
				GCC_ENABLE_CPP_RTTI = YES;
				GCC_SYMBOLS_PRIVATE_EXTERN = YES;
				PRODUCT_NAME = "$(TARGET_NAME)";
				SKIP_INSTALL = YES;
			};
			name = Debug;
		};
		BAC882A822E7A72600EEC4A9 /* Release */ = {
			isa = XCBuildConfiguration;
			buildSettings = {
				CODE_SIGN_IDENTITY = "Mac Developer";
				CODE_SIGN_STYLE = Automatic;
				DEVELOPMENT_TEAM = L2MA98K85G;
				DYLIB_COMPATIBILITY_VERSION = 1;
				DYLIB_CURRENT_VERSION = 1;
				ENABLE_NS_ASSERTIONS = NO;
				EXECUTABLE_PREFIX = lib;
				GCC_ENABLE_CPP_EXCEPTIONS = YES;
				GCC_ENABLE_CPP_RTTI = YES;
				GCC_SYMBOLS_PRIVATE_EXTERN = YES;
				PRODUCT_NAME = "$(TARGET_NAME)";
				SKIP_INSTALL = YES;
			};
			name = Release;
		};
		BAD585C722E798F6009DAFA5 /* Debug */ = {
			isa = XCBuildConfiguration;
			buildSettings = {
				CODE_SIGN_STYLE = Automatic;
				PRODUCT_NAME = "$(TARGET_NAME)";
			};
			name = Debug;
		};
		BAD585C822E798F6009DAFA5 /* Release */ = {
			isa = XCBuildConfiguration;
			buildSettings = {
				CODE_SIGN_STYLE = Automatic;
				PRODUCT_NAME = "$(TARGET_NAME)";
			};
			name = Release;
		};
		BAE2A7FF22E7A195001A8F41 /* Debug */ = {
			isa = XCBuildConfiguration;
			buildSettings = {
				CODE_SIGN_STYLE = Automatic;
				DEVELOPMENT_TEAM = L2MA98K85G;
				DYLIB_COMPATIBILITY_VERSION = 1;
				DYLIB_CURRENT_VERSION = 1;
				EXECUTABLE_PREFIX = lib;
				PRODUCT_NAME = "$(TARGET_NAME)";
				SKIP_INSTALL = YES;
			};
			name = Debug;
		};
		BAE2A80022E7A195001A8F41 /* Release */ = {
			isa = XCBuildConfiguration;
			buildSettings = {
				CODE_SIGN_STYLE = Automatic;
				DEVELOPMENT_TEAM = L2MA98K85G;
				DYLIB_COMPATIBILITY_VERSION = 1;
				DYLIB_CURRENT_VERSION = 1;
				EXECUTABLE_PREFIX = lib;
				PRODUCT_NAME = "$(TARGET_NAME)";
				SKIP_INSTALL = YES;
			};
			name = Release;
		};
		BAFF211922E799D20052E39E /* Debug */ = {
			isa = XCBuildConfiguration;
			buildSettings = {
				CODE_SIGN_STYLE = Automatic;
				DEVELOPMENT_TEAM = L2MA98K85G;
				DYLIB_COMPATIBILITY_VERSION = 1;
				DYLIB_CURRENT_VERSION = 1;
				EXECUTABLE_PREFIX = lib;
				GCC_ENABLE_CPP_EXCEPTIONS = YES;
				GCC_ENABLE_CPP_RTTI = YES;
				GCC_SYMBOLS_PRIVATE_EXTERN = YES;
				PRODUCT_NAME = "$(TARGET_NAME)";
				SKIP_INSTALL = YES;
			};
			name = Debug;
		};
		BAFF211A22E799D20052E39E /* Release */ = {
			isa = XCBuildConfiguration;
			buildSettings = {
				CODE_SIGN_STYLE = Automatic;
				DEVELOPMENT_TEAM = L2MA98K85G;
				DYLIB_COMPATIBILITY_VERSION = 1;
				DYLIB_CURRENT_VERSION = 1;
				EXECUTABLE_PREFIX = lib;
				GCC_ENABLE_CPP_EXCEPTIONS = YES;
				GCC_ENABLE_CPP_RTTI = YES;
				GCC_SYMBOLS_PRIVATE_EXTERN = YES;
				PRODUCT_NAME = "$(TARGET_NAME)";
				SKIP_INSTALL = YES;
			};
			name = Release;
		};
/* End XCBuildConfiguration section */

/* Begin XCConfigurationList section */
		BA39195222D7271500D8C20B /* Build configuration list for PBXProject "GBM" */ = {
			isa = XCConfigurationList;
			buildConfigurations = (
				BA39195C22D7271500D8C20B /* Debug */,
				BA39195D22D7271500D8C20B /* Release */,
			);
			defaultConfigurationIsVisible = 0;
			defaultConfigurationName = Release;
		};
		BA39195E22D7271500D8C20B /* Build configuration list for PBXNativeTarget "GBM" */ = {
			isa = XCConfigurationList;
			buildConfigurations = (
				BA39195F22D7271500D8C20B /* Debug */,
				BA39196022D7271500D8C20B /* Release */,
			);
			defaultConfigurationIsVisible = 0;
			defaultConfigurationName = Release;
		};
		BA5D83A922F051350009447F /* Build configuration list for PBXNativeTarget "io" */ = {
			isa = XCConfigurationList;
			buildConfigurations = (
				BA5D83A722F051350009447F /* Debug */,
				BA5D83A822F051350009447F /* Release */,
			);
			defaultConfigurationIsVisible = 0;
			defaultConfigurationName = Release;
		};
		BAC882A622E7A72600EEC4A9 /* Build configuration list for PBXNativeTarget "utils" */ = {
			isa = XCConfigurationList;
			buildConfigurations = (
				BAC882A722E7A72600EEC4A9 /* Debug */,
				BAC882A822E7A72600EEC4A9 /* Release */,
			);
			defaultConfigurationIsVisible = 0;
			defaultConfigurationName = Release;
		};
		BAD585C922E798F6009DAFA5 /* Build configuration list for PBXNativeTarget "vlinear" */ = {
			isa = XCConfigurationList;
			buildConfigurations = (
				BAD585C722E798F6009DAFA5 /* Debug */,
				BAD585C822E798F6009DAFA5 /* Release */,
			);
			defaultConfigurationIsVisible = 0;
			defaultConfigurationName = Release;
		};
		BAE2A80122E7A195001A8F41 /* Build configuration list for PBXNativeTarget "triangulate" */ = {
			isa = XCConfigurationList;
			buildConfigurations = (
				BAE2A7FF22E7A195001A8F41 /* Debug */,
				BAE2A80022E7A195001A8F41 /* Release */,
			);
			defaultConfigurationIsVisible = 0;
			defaultConfigurationName = Release;
		};
		BAFF211B22E799D20052E39E /* Build configuration list for PBXNativeTarget "linear" */ = {
			isa = XCConfigurationList;
			buildConfigurations = (
				BAFF211922E799D20052E39E /* Debug */,
				BAFF211A22E799D20052E39E /* Release */,
			);
			defaultConfigurationIsVisible = 0;
			defaultConfigurationName = Release;
		};
/* End XCConfigurationList section */
	};
	rootObject = BA39194F22D7271500D8C20B /* Project object */;
}
